
Microsoft Visual Studio Solution File, Format Version 12.00
# Visual Studio 15
VisualStudioVersion = 15.0.27428.2015
MinimumVisualStudioVersion = 10.0.40219.1
Project("{FAE04EC0-301F-11D3-BF4B-00C04F79EFBC}") = "DatingApp.API", "DatingApp.API\DatingApp.API.csproj", "{704AABEB-99F4-4450-9C4A-CEC76A26633E}"
EndProject
Global
	GlobalSection(SolutionConfigurationPlatforms) = preSolution
		Debug|Any CPU = Debug|Any CPU
		Release|Any CPU = Release|Any CPU
	EndGlobalSection
	GlobalSection(ProjectConfigurationPlatforms) = postSolution
		{704AABEB-99F4-4450-9C4A-CEC76A26633E}.Debug|Any CPU.ActiveCfg = Debug|Any CPU
		{704AABEB-99F4-4450-9C4A-CEC76A26633E}.Debug|Any CPU.Build.0 = Debug|Any CPU
		{704AABEB-99F4-4450-9C4A-CEC76A26633E}.Release|Any CPU.ActiveCfg = Release|Any CPU
		{704AABEB-99F4-4450-9C4A-CEC76A26633E}.Release|Any CPU.Build.0 = Release|Any CPU
	EndGlobalSection
	GlobalSection(SolutionProperties) = preSolution
		HideSolutionNode = FALSE
	EndGlobalSection
	GlobalSection(ExtensibilityGlobals) = postSolution
		SolutionGuid = {FD8D7EB3-AE0B-4E3E-B4C1-45E8D9B60630}
	EndGlobalSection
EndGlobal
